// !$*UTF8*$!
{
	archiveVersion = 1;
	classes = {
	};
	objectVersion = 55;
	objects = {

/* Begin PBXBuildFile section */
		6B2C9F45288AE628002F38FF /* ViewModel.swift in Sources */ = {isa = PBXBuildFile; fileRef = 6B2C9F44288AE628002F38FF /* ViewModel.swift */; };
		6B7E1962288D7F3500374609 /* Background.swift in Sources */ = {isa = PBXBuildFile; fileRef = 6B7E1961288D7F3500374609 /* Background.swift */; };
		6BC869FE28846A5300832A7E /* LossTrackerApp.swift in Sources */ = {isa = PBXBuildFile; fileRef = 6BC869FD28846A5300832A7E /* LossTrackerApp.swift */; };
		6BC86A0028846A5300832A7E /* ContentView.swift in Sources */ = {isa = PBXBuildFile; fileRef = 6BC869FF28846A5300832A7E /* ContentView.swift */; };
		6BC86A0228846A5400832A7E /* Assets.xcassets in Resources */ = {isa = PBXBuildFile; fileRef = 6BC86A0128846A5400832A7E /* Assets.xcassets */; };
		6BC86A0528846A5400832A7E /* Preview Assets.xcassets in Resources */ = {isa = PBXBuildFile; fileRef = 6BC86A0428846A5400832A7E /* Preview Assets.xcassets */; };
		6BC86A0C2884704D00832A7E /* Model.swift in Sources */ = {isa = PBXBuildFile; fileRef = 6BC86A0B2884704D00832A7E /* Model.swift */; };
		6BD70535289D2276004BB7C4 /* GridView.swift in Sources */ = {isa = PBXBuildFile; fileRef = 6BD70534289D2276004BB7C4 /* GridView.swift */; };
		6BD70539289D24CD004BB7C4 /* PersonnelView.swift in Sources */ = {isa = PBXBuildFile; fileRef = 6BD70538289D24CD004BB7C4 /* PersonnelView.swift */; };
		6BD7053F289F1F90004BB7C4 /* InfoView.swift in Sources */ = {isa = PBXBuildFile; fileRef = 6BD7053E289F1F90004BB7C4 /* InfoView.swift */; };
/* End PBXBuildFile section */

/* Begin PBXCopyFilesBuildPhase section */
		6BD7055628A133EC004BB7C4 /* Embed App Extensions */ = {
			isa = PBXCopyFilesBuildPhase;
			buildActionMask = 2147483647;
			dstPath = "";
			dstSubfolderSpec = 13;
			files = (
			);
			name = "Embed App Extensions";
			runOnlyForDeploymentPostprocessing = 0;
		};
/* End PBXCopyFilesBuildPhase section */

/* Begin PBXFileReference section */
		6B2C9F44288AE628002F38FF /* ViewModel.swift */ = {isa = PBXFileReference; lastKnownFileType = sourcecode.swift; path = ViewModel.swift; sourceTree = "<group>"; };
		6B7E1961288D7F3500374609 /* Background.swift */ = {isa = PBXFileReference; lastKnownFileType = sourcecode.swift; path = Background.swift; sourceTree = "<group>"; };
		6BC869FA28846A5300832A7E /* LossTracker.app */ = {isa = PBXFileReference; explicitFileType = wrapper.application; includeInIndex = 0; path = LossTracker.app; sourceTree = BUILT_PRODUCTS_DIR; };
		6BC869FD28846A5300832A7E /* LossTrackerApp.swift */ = {isa = PBXFileReference; lastKnownFileType = sourcecode.swift; path = LossTrackerApp.swift; sourceTree = "<group>"; };
		6BC869FF28846A5300832A7E /* ContentView.swift */ = {isa = PBXFileReference; lastKnownFileType = sourcecode.swift; path = ContentView.swift; sourceTree = "<group>"; };
		6BC86A0128846A5400832A7E /* Assets.xcassets */ = {isa = PBXFileReference; lastKnownFileType = folder.assetcatalog; path = Assets.xcassets; sourceTree = "<group>"; };
		6BC86A0428846A5400832A7E /* Preview Assets.xcassets */ = {isa = PBXFileReference; lastKnownFileType = folder.assetcatalog; path = "Preview Assets.xcassets"; sourceTree = "<group>"; };
		6BC86A0B2884704D00832A7E /* Model.swift */ = {isa = PBXFileReference; lastKnownFileType = sourcecode.swift; path = Model.swift; sourceTree = "<group>"; };
		6BD70534289D2276004BB7C4 /* GridView.swift */ = {isa = PBXFileReference; lastKnownFileType = sourcecode.swift; path = GridView.swift; sourceTree = "<group>"; };
		6BD70538289D24CD004BB7C4 /* PersonnelView.swift */ = {isa = PBXFileReference; lastKnownFileType = sourcecode.swift; path = PersonnelView.swift; sourceTree = "<group>"; };
		6BD7053E289F1F90004BB7C4 /* InfoView.swift */ = {isa = PBXFileReference; lastKnownFileType = sourcecode.swift; path = InfoView.swift; sourceTree = "<group>"; };
		6BD7054628A133E9004BB7C4 /* WidgetKit.framework */ = {isa = PBXFileReference; lastKnownFileType = wrapper.framework; name = WidgetKit.framework; path = System/Library/Frameworks/WidgetKit.framework; sourceTree = SDKROOT; };
		6BD7054828A133E9004BB7C4 /* SwiftUI.framework */ = {isa = PBXFileReference; lastKnownFileType = wrapper.framework; name = SwiftUI.framework; path = System/Library/Frameworks/SwiftUI.framework; sourceTree = SDKROOT; };
/* End PBXFileReference section */

/* Begin PBXFrameworksBuildPhase section */
		6BC869F728846A5300832A7E /* Frameworks */ = {
			isa = PBXFrameworksBuildPhase;
			buildActionMask = 2147483647;
			files = (
			);
			runOnlyForDeploymentPostprocessing = 0;
		};
/* End PBXFrameworksBuildPhase section */

/* Begin PBXGroup section */
		6B7E1963288EC2B900374609 /* Views */ = {
			isa = PBXGroup;
			children = (
				6BD7053E289F1F90004BB7C4 /* InfoView.swift */,
				6BC869FF28846A5300832A7E /* ContentView.swift */,
				6B7E1961288D7F3500374609 /* Background.swift */,
				6BD70534289D2276004BB7C4 /* GridView.swift */,
				6BD70538289D24CD004BB7C4 /* PersonnelView.swift */,
			);
			path = Views;
			sourceTree = "<group>";
		};
		6BC869F128846A5300832A7E = {
			isa = PBXGroup;
			children = (
				6BC869FC28846A5300832A7E /* LossTracker */,
				6BD7054528A133E9004BB7C4 /* Frameworks */,
				6BC869FB28846A5300832A7E /* Products */,
			);
			sourceTree = "<group>";
		};
		6BC869FB28846A5300832A7E /* Products */ = {
			isa = PBXGroup;
			children = (
				6BC869FA28846A5300832A7E /* LossTracker.app */,
			);
			name = Products;
			sourceTree = "<group>";
		};
		6BC869FC28846A5300832A7E /* LossTracker */ = {
			isa = PBXGroup;
			children = (
				6BC869FD28846A5300832A7E /* LossTrackerApp.swift */,
				6B7E1963288EC2B900374609 /* Views */,
				6BD70536289D2289004BB7C4 /* ViewModels */,
				6BD70537289D2291004BB7C4 /* Model */,
				6BC86A0128846A5400832A7E /* Assets.xcassets */,
				6BC86A0328846A5400832A7E /* Preview Content */,
			);
			path = LossTracker;
			sourceTree = "<group>";
		};
		6BC86A0328846A5400832A7E /* Preview Content */ = {
			isa = PBXGroup;
			children = (
				6BC86A0428846A5400832A7E /* Preview Assets.xcassets */,
			);
			path = "Preview Content";
			sourceTree = "<group>";
		};
		6BD70536289D2289004BB7C4 /* ViewModels */ = {
			isa = PBXGroup;
			children = (
				6B2C9F44288AE628002F38FF /* ViewModel.swift */,
			);
			path = ViewModels;
			sourceTree = "<group>";
		};
		6BD70537289D2291004BB7C4 /* Model */ = {
			isa = PBXGroup;
			children = (
				6BC86A0B2884704D00832A7E /* Model.swift */,
			);
			path = Model;
			sourceTree = "<group>";
		};
		6BD7054528A133E9004BB7C4 /* Frameworks */ = {
			isa = PBXGroup;
			children = (
				6BD7054628A133E9004BB7C4 /* WidgetKit.framework */,
				6BD7054828A133E9004BB7C4 /* SwiftUI.framework */,
			);
			name = Frameworks;
			sourceTree = "<group>";
		};
/* End PBXGroup section */

/* Begin PBXNativeTarget section */
		6BC869F928846A5300832A7E /* LossTracker */ = {
			isa = PBXNativeTarget;
			buildConfigurationList = 6BC86A0828846A5400832A7E /* Build configuration list for PBXNativeTarget "LossTracker" */;
			buildPhases = (
				6BC869F628846A5300832A7E /* Sources */,
				6BC869F728846A5300832A7E /* Frameworks */,
				6BC869F828846A5300832A7E /* Resources */,
				6BD7055628A133EC004BB7C4 /* Embed App Extensions */,
			);
			buildRules = (
			);
			dependencies = (
			);
			name = LossTracker;
			productName = LossTracker;
			productReference = 6BC869FA28846A5300832A7E /* LossTracker.app */;
			productType = "com.apple.product-type.application";
		};
/* End PBXNativeTarget section */

/* Begin PBXProject section */
		6BC869F228846A5300832A7E /* Project object */ = {
			isa = PBXProject;
			attributes = {
				BuildIndependentTargetsInParallel = 1;
				LastSwiftUpdateCheck = 1340;
				LastUpgradeCheck = 1330;
				TargetAttributes = {
					6BC869F928846A5300832A7E = {
						CreatedOnToolsVersion = 13.3.1;
					};
				};
			};
			buildConfigurationList = 6BC869F528846A5300832A7E /* Build configuration list for PBXProject "LossTracker" */;
			compatibilityVersion = "Xcode 13.0";
			developmentRegion = en;
			hasScannedForEncodings = 0;
			knownRegions = (
				en,
				Base,
			);
			mainGroup = 6BC869F128846A5300832A7E;
			productRefGroup = 6BC869FB28846A5300832A7E /* Products */;
			projectDirPath = "";
			projectRoot = "";
			targets = (
				6BC869F928846A5300832A7E /* LossTracker */,
			);
		};
/* End PBXProject section */

/* Begin PBXResourcesBuildPhase section */
		6BC869F828846A5300832A7E /* Resources */ = {
			isa = PBXResourcesBuildPhase;
			buildActionMask = 2147483647;
			files = (
				6BC86A0528846A5400832A7E /* Preview Assets.xcassets in Resources */,
				6BC86A0228846A5400832A7E /* Assets.xcassets in Resources */,
			);
			runOnlyForDeploymentPostprocessing = 0;
		};
/* End PBXResourcesBuildPhase section */

/* Begin PBXSourcesBuildPhase section */
		6BC869F628846A5300832A7E /* Sources */ = {
			isa = PBXSourcesBuildPhase;
			buildActionMask = 2147483647;
			files = (
				6BD7053F289F1F90004BB7C4 /* InfoView.swift in Sources */,
				6BC86A0C2884704D00832A7E /* Model.swift in Sources */,
				6BC86A0028846A5300832A7E /* ContentView.swift in Sources */,
				6BD70535289D2276004BB7C4 /* GridView.swift in Sources */,
				6B2C9F45288AE628002F38FF /* ViewModel.swift in Sources */,
				6BC869FE28846A5300832A7E /* LossTrackerApp.swift in Sources */,
				6B7E1962288D7F3500374609 /* Background.swift in Sources */,
				6BD70539289D24CD004BB7C4 /* PersonnelView.swift in Sources */,
			);
			runOnlyForDeploymentPostprocessing = 0;
		};
/* End PBXSourcesBuildPhase section */

/* Begin XCBuildConfiguration section */
		6BC86A0628846A5400832A7E /* Debug */ = {
			isa = XCBuildConfiguration;
			buildSettings = {
				ALWAYS_SEARCH_USER_PATHS = NO;
				CLANG_ANALYZER_NONNULL = YES;
				CLANG_ANALYZER_NUMBER_OBJECT_CONVERSION = YES_AGGRESSIVE;
				CLANG_CXX_LANGUAGE_STANDARD = "gnu++17";
				CLANG_ENABLE_MODULES = YES;
				CLANG_ENABLE_OBJC_ARC = YES;
				CLANG_ENABLE_OBJC_WEAK = YES;
				CLANG_WARN_BLOCK_CAPTURE_AUTORELEASING = YES;
				CLANG_WARN_BOOL_CONVERSION = YES;
				CLANG_WARN_COMMA = YES;
				CLANG_WARN_CONSTANT_CONVERSION = YES;
				CLANG_WARN_DEPRECATED_OBJC_IMPLEMENTATIONS = YES;
				CLANG_WARN_DIRECT_OBJC_ISA_USAGE = YES_ERROR;
				CLANG_WARN_DOCUMENTATION_COMMENTS = YES;
				CLANG_WARN_EMPTY_BODY = YES;
				CLANG_WARN_ENUM_CONVERSION = YES;
				CLANG_WARN_INFINITE_RECURSION = YES;
				CLANG_WARN_INT_CONVERSION = YES;
				CLANG_WARN_NON_LITERAL_NULL_CONVERSION = YES;
				CLANG_WARN_OBJC_IMPLICIT_RETAIN_SELF = YES;
				CLANG_WARN_OBJC_LITERAL_CONVERSION = YES;
				CLANG_WARN_OBJC_ROOT_CLASS = YES_ERROR;
				CLANG_WARN_QUOTED_INCLUDE_IN_FRAMEWORK_HEADER = YES;
				CLANG_WARN_RANGE_LOOP_ANALYSIS = YES;
				CLANG_WARN_STRICT_PROTOTYPES = YES;
				CLANG_WARN_SUSPICIOUS_MOVE = YES;
				CLANG_WARN_UNGUARDED_AVAILABILITY = YES_AGGRESSIVE;
				CLANG_WARN_UNREACHABLE_CODE = YES;
				CLANG_WARN__DUPLICATE_METHOD_MATCH = YES;
				COPY_PHASE_STRIP = NO;
				DEBUG_INFORMATION_FORMAT = dwarf;
				ENABLE_STRICT_OBJC_MSGSEND = YES;
				ENABLE_TESTABILITY = YES;
				GCC_C_LANGUAGE_STANDARD = gnu11;
				GCC_DYNAMIC_NO_PIC = NO;
				GCC_NO_COMMON_BLOCKS = YES;
				GCC_OPTIMIZATION_LEVEL = 0;
				GCC_PREPROCESSOR_DEFINITIONS = (
					"DEBUG=1",
					"$(inherited)",
				);
				GCC_WARN_64_TO_32_BIT_CONVERSION = YES;
				GCC_WARN_ABOUT_RETURN_TYPE = YES_ERROR;
				GCC_WARN_UNDECLARED_SELECTOR = YES;
				GCC_WARN_UNINITIALIZED_AUTOS = YES_AGGRESSIVE;
				GCC_WARN_UNUSED_FUNCTION = YES;
				GCC_WARN_UNUSED_VARIABLE = YES;
				IPHONEOS_DEPLOYMENT_TARGET = 15.4;
				MTL_ENABLE_DEBUG_INFO = INCLUDE_SOURCE;
				MTL_FAST_MATH = YES;
				ONLY_ACTIVE_ARCH = YES;
				SDKROOT = iphoneos;
				SWIFT_ACTIVE_COMPILATION_CONDITIONS = DEBUG;
				SWIFT_OPTIMIZATION_LEVEL = "-Onone";
			};
			name = Debug;
		};
		6BC86A0728846A5400832A7E /* Release */ = {
			isa = XCBuildConfiguration;
			buildSettings = {
				ALWAYS_SEARCH_USER_PATHS = NO;
				CLANG_ANALYZER_NONNULL = YES;
				CLANG_ANALYZER_NUMBER_OBJECT_CONVERSION = YES_AGGRESSIVE;
				CLANG_CXX_LANGUAGE_STANDARD = "gnu++17";
				CLANG_ENABLE_MODULES = YES;
				CLANG_ENABLE_OBJC_ARC = YES;
				CLANG_ENABLE_OBJC_WEAK = YES;
				CLANG_WARN_BLOCK_CAPTURE_AUTORELEASING = YES;
				CLANG_WARN_BOOL_CONVERSION = YES;
				CLANG_WARN_COMMA = YES;
				CLANG_WARN_CONSTANT_CONVERSION = YES;
				CLANG_WARN_DEPRECATED_OBJC_IMPLEMENTATIONS = YES;
				CLANG_WARN_DIRECT_OBJC_ISA_USAGE = YES_ERROR;
				CLANG_WARN_DOCUMENTATION_COMMENTS = YES;
				CLANG_WARN_EMPTY_BODY = YES;
				CLANG_WARN_ENUM_CONVERSION = YES;
				CLANG_WARN_INFINITE_RECURSION = YES;
				CLANG_WARN_INT_CONVERSION = YES;
				CLANG_WARN_NON_LITERAL_NULL_CONVERSION = YES;
				CLANG_WARN_OBJC_IMPLICIT_RETAIN_SELF = YES;
				CLANG_WARN_OBJC_LITERAL_CONVERSION = YES;
				CLANG_WARN_OBJC_ROOT_CLASS = YES_ERROR;
				CLANG_WARN_QUOTED_INCLUDE_IN_FRAMEWORK_HEADER = YES;
				CLANG_WARN_RANGE_LOOP_ANALYSIS = YES;
				CLANG_WARN_STRICT_PROTOTYPES = YES;
				CLANG_WARN_SUSPICIOUS_MOVE = YES;
				CLANG_WARN_UNGUARDED_AVAILABILITY = YES_AGGRESSIVE;
				CLANG_WARN_UNREACHABLE_CODE = YES;
				CLANG_WARN__DUPLICATE_METHOD_MATCH = YES;
				COPY_PHASE_STRIP = NO;
				DEBUG_INFORMATION_FORMAT = "dwarf-with-dsym";
				ENABLE_NS_ASSERTIONS = NO;
				ENABLE_STRICT_OBJC_MSGSEND = YES;
				GCC_C_LANGUAGE_STANDARD = gnu11;
				GCC_NO_COMMON_BLOCKS = YES;
				GCC_WARN_64_TO_32_BIT_CONVERSION = YES;
				GCC_WARN_ABOUT_RETURN_TYPE = YES_ERROR;
				GCC_WARN_UNDECLARED_SELECTOR = YES;
				GCC_WARN_UNINITIALIZED_AUTOS = YES_AGGRESSIVE;
				GCC_WARN_UNUSED_FUNCTION = YES;
				GCC_WARN_UNUSED_VARIABLE = YES;
				IPHONEOS_DEPLOYMENT_TARGET = 15.4;
				MTL_ENABLE_DEBUG_INFO = NO;
				MTL_FAST_MATH = YES;
				SDKROOT = iphoneos;
				SWIFT_COMPILATION_MODE = wholemodule;
				SWIFT_OPTIMIZATION_LEVEL = "-O";
				VALIDATE_PRODUCT = YES;
			};
			name = Release;
		};
		6BC86A0928846A5400832A7E /* Debug */ = {
			isa = XCBuildConfiguration;
			buildSettings = {
				ALWAYS_EMBED_SWIFT_STANDARD_LIBRARIES = YES;
				ASSETCATALOG_COMPILER_APPICON_NAME = AppIcon;
				ASSETCATALOG_COMPILER_GLOBAL_ACCENT_COLOR_NAME = AccentColor;
				CODE_SIGN_STYLE = Automatic;
				CURRENT_PROJECT_VERSION = 1;
				DEVELOPMENT_ASSET_PATHS = "\"LossTracker/Preview Content\"";
				DEVELOPMENT_TEAM = 6ATM8KJ47N;
				ENABLE_PREVIEWS = YES;
				GENERATE_INFOPLIST_FILE = YES;
				INFOPLIST_KEY_UIApplicationSceneManifest_Generation = YES;
				INFOPLIST_KEY_UIApplicationSupportsIndirectInputEvents = YES;
				INFOPLIST_KEY_UILaunchScreen_Generation = YES;
				INFOPLIST_KEY_UISupportedInterfaceOrientations_iPad = "UIInterfaceOrientationPortrait UIInterfaceOrientationPortraitUpsideDown UIInterfaceOrientationLandscapeLeft UIInterfaceOrientationLandscapeRight";
				INFOPLIST_KEY_UISupportedInterfaceOrientations_iPhone = "UIInterfaceOrientationPortrait UIInterfaceOrientationLandscapeLeft UIInterfaceOrientationLandscapeRight";
				LD_RUNPATH_SEARCH_PATHS = (
					"$(inherited)",
					"@executable_path/Frameworks",
				);
				MARKETING_VERSION = 1.0;
				PRODUCT_BUNDLE_IDENTIFIER = com.PaulKirnoz.LossTracker;
				PRODUCT_NAME = "$(TARGET_NAME)";
				SWIFT_EMIT_LOC_STRINGS = YES;
				SWIFT_VERSION = 5.0;
				TARGETED_DEVICE_FAMILY = "1,2";
			};
			name = Debug;
		};
		6BC86A0A28846A5400832A7E /* Release */ = {
			isa = XCBuildConfiguration;
			buildSettings = {
				ALWAYS_EMBED_SWIFT_STANDARD_LIBRARIES = YES;
				ASSETCATALOG_COMPILER_APPICON_NAME = AppIcon;
				ASSETCATALOG_COMPILER_GLOBAL_ACCENT_COLOR_NAME = AccentColor;
				CODE_SIGN_STYLE = Automatic;
				CURRENT_PROJECT_VERSION = 1;
				DEVELOPMENT_ASSET_PATHS = "\"LossTracker/Preview Content\"";
				DEVELOPMENT_TEAM = 6ATM8KJ47N;
				ENABLE_PREVIEWS = YES;
				GENERATE_INFOPLIST_FILE = YES;
				INFOPLIST_KEY_UIApplicationSceneManifest_Generation = YES;
				INFOPLIST_KEY_UIApplicationSupportsIndirectInputEvents = YES;
				INFOPLIST_KEY_UILaunchScreen_Generation = YES;
				INFOPLIST_KEY_UISupportedInterfaceOrientations_iPad = "UIInterfaceOrientationPortrait UIInterfaceOrientationPortraitUpsideDown UIInterfaceOrientationLandscapeLeft UIInterfaceOrientationLandscapeRight";
				INFOPLIST_KEY_UISupportedInterfaceOrientations_iPhone = "UIInterfaceOrientationPortrait UIInterfaceOrientationLandscapeLeft UIInterfaceOrientationLandscapeRight";
				LD_RUNPATH_SEARCH_PATHS = (
					"$(inherited)",
					"@executable_path/Frameworks",
				);
				MARKETING_VERSION = 1.0;
				PRODUCT_BUNDLE_IDENTIFIER = com.PaulKirnoz.LossTracker;
				PRODUCT_NAME = "$(TARGET_NAME)";
				SWIFT_EMIT_LOC_STRINGS = YES;
				SWIFT_VERSION = 5.0;
				TARGETED_DEVICE_FAMILY = "1,2";
			};
			name = Release;
		};
/* End XCBuildConfiguration section */

/* Begin XCConfigurationList section */
		6BC869F528846A5300832A7E /* Build configuration list for PBXProject "LossTracker" */ = {
			isa = XCConfigurationList;
			buildConfigurations = (
				6BC86A0628846A5400832A7E /* Debug */,
				6BC86A0728846A5400832A7E /* Release */,
			);
			defaultConfigurationIsVisible = 0;
			defaultConfigurationName = Release;
		};
		6BC86A0828846A5400832A7E /* Build configuration list for PBXNativeTarget "LossTracker" */ = {
			isa = XCConfigurationList;
			buildConfigurations = (
				6BC86A0928846A5400832A7E /* Debug */,
				6BC86A0A28846A5400832A7E /* Release */,
			);
			defaultConfigurationIsVisible = 0;
			defaultConfigurationName = Release;
		};
/* End XCConfigurationList section */
	};
	rootObject = 6BC869F228846A5300832A7E /* Project object */;
}
